
Microsoft Visual Studio Solution File, Format Version 12.00
# Visual Studio Version 16
VisualStudioVersion = 16.0.32106.194
MinimumVisualStudioVersion = 10.0.40219.1
Project("{9A19103F-16F7-4668-BE54-9A1E7A4F7556}") = "Carz.AdvertisementService.API", "Carz.AdvertisementService.API\Carz.AdvertisementService.API\Carz.AdvertisementService.API.csproj", "{7D003ABA-FE5F-485A-893E-286C1515D510}"
EndProject
Project("{9A19103F-16F7-4668-BE54-9A1E7A4F7556}") = "Carz.AdvertisementService.Domain", "Carz.AdvertisementService.Domain\Carz.AdvertisementService.Domain\Carz.AdvertisementService.Domain.csproj", "{24582441-AD59-4097-B63C-28F50C35F929}"
EndProject
Project("{9A19103F-16F7-4668-BE54-9A1E7A4F7556}") = "Carz.AdvertisementService.Infrastructure", "Carz.AdvertisementService.Infrastructure\Carz.AdvertisementService.Infrastructure\Carz.AdvertisementService.Infrastructure.csproj", "{FEECDA45-93A1-4385-99C8-29E417B78B37}"
EndProject
Project("{9A19103F-16F7-4668-BE54-9A1E7A4F7556}") = "Carz.AdvertisementService.Services.Mongo", "Carz.AdvertisementService.Services.Mongo\Carz.AdvertisementService.Services.Mongo\Carz.AdvertisementService.Services.Mongo.csproj", "{34BDCE2C-CDBF-4F35-8900-FA2610C85E91}"
EndProject
Global
	GlobalSection(SolutionConfigurationPlatforms) = preSolution
		Debug|Any CPU = Debug|Any CPU
		Release|Any CPU = Release|Any CPU
	EndGlobalSection
	GlobalSection(ProjectConfigurationPlatforms) = postSolution
		{7D003ABA-FE5F-485A-893E-286C1515D510}.Debug|Any CPU.ActiveCfg = Debug|Any CPU
		{7D003ABA-FE5F-485A-893E-286C1515D510}.Debug|Any CPU.Build.0 = Debug|Any CPU
		{7D003ABA-FE5F-485A-893E-286C1515D510}.Release|Any CPU.ActiveCfg = Release|Any CPU
		{7D003ABA-FE5F-485A-893E-286C1515D510}.Release|Any CPU.Build.0 = Release|Any CPU
		{24582441-AD59-4097-B63C-28F50C35F929}.Debug|Any CPU.ActiveCfg = Debug|Any CPU
		{24582441-AD59-4097-B63C-28F50C35F929}.Debug|Any CPU.Build.0 = Debug|Any CPU
		{24582441-AD59-4097-B63C-28F50C35F929}.Release|Any CPU.ActiveCfg = Release|Any CPU
		{24582441-AD59-4097-B63C-28F50C35F929}.Release|Any CPU.Build.0 = Release|Any CPU
		{FEECDA45-93A1-4385-99C8-29E417B78B37}.Debug|Any CPU.ActiveCfg = Debug|Any CPU
		{FEECDA45-93A1-4385-99C8-29E417B78B37}.Debug|Any CPU.Build.0 = Debug|Any CPU
		{FEECDA45-93A1-4385-99C8-29E417B78B37}.Release|Any CPU.ActiveCfg = Release|Any CPU
		{FEECDA45-93A1-4385-99C8-29E417B78B37}.Release|Any CPU.Build.0 = Release|Any CPU
		{34BDCE2C-CDBF-4F35-8900-FA2610C85E91}.Debug|Any CPU.ActiveCfg = Debug|Any CPU
		{34BDCE2C-CDBF-4F35-8900-FA2610C85E91}.Debug|Any CPU.Build.0 = Debug|Any CPU
		{34BDCE2C-CDBF-4F35-8900-FA2610C85E91}.Release|Any CPU.ActiveCfg = Release|Any CPU
		{34BDCE2C-CDBF-4F35-8900-FA2610C85E91}.Release|Any CPU.Build.0 = Release|Any CPU
	EndGlobalSection
	GlobalSection(SolutionProperties) = preSolution
		HideSolutionNode = FALSE
	EndGlobalSection
	GlobalSection(ExtensibilityGlobals) = postSolution
		SolutionGuid = {A38BCCCA-A27A-4772-9E69-7A1DEEFD373E}
	EndGlobalSection
EndGlobal
