
Microsoft Visual Studio Solution File, Format Version 12.00
# Visual Studio Version 16
VisualStudioVersion = 16.0.31911.196
MinimumVisualStudioVersion = 10.0.40219.1
Project("{FAE04EC0-301F-11D3-BF4B-00C04F79EFBC}") = "Carz.IdentityService.API", "Carz.IdentityService.API\Carz.IdentityService.API.csproj", "{5705512C-349B-4465-99DB-03CC7125E8AB}"
EndProject
Project("{FAE04EC0-301F-11D3-BF4B-00C04F79EFBC}") = "Carz.IdentityService.Domain", "Carz.IdentityService.Domain\Carz.IdentityService.Domain.csproj", "{0C596398-D6B9-41E8-B1B6-32EDA7CC35B2}"
EndProject
Project("{FAE04EC0-301F-11D3-BF4B-00C04F79EFBC}") = "Carz.IdentityService.Infrastructure", "Carz.IdentityService.Infrastructure\Carz.IdentityService.Infrastructure.csproj", "{47D7CCF4-6BB2-4CDB-B2C9-0D9CB9910962}"
EndProject
Project("{FAE04EC0-301F-11D3-BF4B-00C04F79EFBC}") = "Carz.IdentityService.Services.Mongo", "Carz.IdentityService.Services.Mongo\Carz.IdentityService.Services.Mongo.csproj", "{A2AF69C6-D045-48F2-9294-A2DA57DA8105}"
EndProject
Global
	GlobalSection(SolutionConfigurationPlatforms) = preSolution
		Debug|Any CPU = Debug|Any CPU
		Release|Any CPU = Release|Any CPU
	EndGlobalSection
	GlobalSection(ProjectConfigurationPlatforms) = postSolution
		{5705512C-349B-4465-99DB-03CC7125E8AB}.Debug|Any CPU.ActiveCfg = Debug|Any CPU
		{5705512C-349B-4465-99DB-03CC7125E8AB}.Debug|Any CPU.Build.0 = Debug|Any CPU
		{5705512C-349B-4465-99DB-03CC7125E8AB}.Release|Any CPU.ActiveCfg = Release|Any CPU
		{5705512C-349B-4465-99DB-03CC7125E8AB}.Release|Any CPU.Build.0 = Release|Any CPU
		{0C596398-D6B9-41E8-B1B6-32EDA7CC35B2}.Debug|Any CPU.ActiveCfg = Debug|Any CPU
		{0C596398-D6B9-41E8-B1B6-32EDA7CC35B2}.Debug|Any CPU.Build.0 = Debug|Any CPU
		{0C596398-D6B9-41E8-B1B6-32EDA7CC35B2}.Release|Any CPU.ActiveCfg = Release|Any CPU
		{0C596398-D6B9-41E8-B1B6-32EDA7CC35B2}.Release|Any CPU.Build.0 = Release|Any CPU
		{47D7CCF4-6BB2-4CDB-B2C9-0D9CB9910962}.Debug|Any CPU.ActiveCfg = Debug|Any CPU
		{47D7CCF4-6BB2-4CDB-B2C9-0D9CB9910962}.Debug|Any CPU.Build.0 = Debug|Any CPU
		{47D7CCF4-6BB2-4CDB-B2C9-0D9CB9910962}.Release|Any CPU.ActiveCfg = Release|Any CPU
		{47D7CCF4-6BB2-4CDB-B2C9-0D9CB9910962}.Release|Any CPU.Build.0 = Release|Any CPU
		{A2AF69C6-D045-48F2-9294-A2DA57DA8105}.Debug|Any CPU.ActiveCfg = Debug|Any CPU
		{A2AF69C6-D045-48F2-9294-A2DA57DA8105}.Debug|Any CPU.Build.0 = Debug|Any CPU
		{A2AF69C6-D045-48F2-9294-A2DA57DA8105}.Release|Any CPU.ActiveCfg = Release|Any CPU
		{A2AF69C6-D045-48F2-9294-A2DA57DA8105}.Release|Any CPU.Build.0 = Release|Any CPU
	EndGlobalSection
	GlobalSection(SolutionProperties) = preSolution
		HideSolutionNode = FALSE
	EndGlobalSection
	GlobalSection(ExtensibilityGlobals) = postSolution
		SolutionGuid = {0D7DC235-8D44-4C03-8CCA-003FA0F94089}
	EndGlobalSection
EndGlobal
