
Microsoft Visual Studio Solution File, Format Version 12.00
# Visual Studio Version 16
VisualStudioVersion = 16.0.32106.194
MinimumVisualStudioVersion = 10.0.40219.1
Project("{FAE04EC0-301F-11D3-BF4B-00C04F79EFBC}") = "Carz.AdvertisementService.Services.Mongo", "Carz.AdvertisementService.Services.Mongo\Carz.AdvertisementService.Services.Mongo.csproj", "{7924ACD6-309A-499D-A0C7-EC3C5A0E2200}"
EndProject
Global
	GlobalSection(SolutionConfigurationPlatforms) = preSolution
		Debug|Any CPU = Debug|Any CPU
		Release|Any CPU = Release|Any CPU
	EndGlobalSection
	GlobalSection(ProjectConfigurationPlatforms) = postSolution
		{7924ACD6-309A-499D-A0C7-EC3C5A0E2200}.Debug|Any CPU.ActiveCfg = Debug|Any CPU
		{7924ACD6-309A-499D-A0C7-EC3C5A0E2200}.Debug|Any CPU.Build.0 = Debug|Any CPU
		{7924ACD6-309A-499D-A0C7-EC3C5A0E2200}.Release|Any CPU.ActiveCfg = Release|Any CPU
		{7924ACD6-309A-499D-A0C7-EC3C5A0E2200}.Release|Any CPU.Build.0 = Release|Any CPU
	EndGlobalSection
	GlobalSection(SolutionProperties) = preSolution
		HideSolutionNode = FALSE
	EndGlobalSection
	GlobalSection(ExtensibilityGlobals) = postSolution
		SolutionGuid = {C6BF96BC-D415-4069-9624-258A4C165D0E}
	EndGlobalSection
EndGlobal
