
Microsoft Visual Studio Solution File, Format Version 12.00
# Visual Studio Version 16
VisualStudioVersion = 16.0.31911.196
MinimumVisualStudioVersion = 10.0.40219.1
Project("{2150E333-8FDC-42A3-9474-1A3956D46DE8}") = "UserService", "UserService", "{42CD7722-D746-43A5-BBD1-D11F3418D342}"
EndProject
Project("{2150E333-8FDC-42A3-9474-1A3956D46DE8}") = "Shared", "Shared", "{778BF29B-7B93-4CF2-9D64-D62150639E74}"
EndProject
Project("{9A19103F-16F7-4668-BE54-9A1E7A4F7556}") = "Carz.UserService.API", "UserService\Carz.UserService.API\Carz.UserService.API\Carz.UserService.API.csproj", "{DBDB26B8-551F-42AD-B593-E5464C7F2D46}"
EndProject
Project("{9A19103F-16F7-4668-BE54-9A1E7A4F7556}") = "Carz.UserService.Domain", "UserService\Carz.UserService.Domain\Carz.UserService.Domain.csproj", "{B2B35F8F-0AF2-4317-AAD4-52F59809CD63}"
EndProject
Project("{9A19103F-16F7-4668-BE54-9A1E7A4F7556}") = "Carz.UserService.Infrastructure", "UserService\Carz.UserService.Infrastructure\Carz.UserService.Infrastructure.csproj", "{E36B44BB-9ED1-4BC5-B67C-1C10F651A3EE}"
EndProject
Project("{9A19103F-16F7-4668-BE54-9A1E7A4F7556}") = "Carz.UserService.Services.SQL", "UserService\Carz.UserService.Services.SQL\Carz.UserService.Services.SQL.csproj", "{0F21D9AA-FA34-405F-B54F-367873A6596D}"
EndProject
Project("{9A19103F-16F7-4668-BE54-9A1E7A4F7556}") = "Carz.Common", "Shared\Carz.Common\Carz.Common\Carz.Common.csproj", "{8DE4B513-7C1D-46EE-961B-7AC76E6E7024}"
EndProject
Project("{9A19103F-16F7-4668-BE54-9A1E7A4F7556}") = "Carz.UserService.Worker", "UserService\Carz.UserService.Worker\Carz.UserService.Worker.csproj", "{1D40CDF7-9653-4173-AFA8-1C9088169E1C}"
EndProject
Project("{2150E333-8FDC-42A3-9474-1A3956D46DE8}") = "IdentityService", "IdentityService", "{EB763B5A-26C7-4416-B030-BE6E2EABC791}"
EndProject
Project("{9A19103F-16F7-4668-BE54-9A1E7A4F7556}") = "Carz.IdentityService.API", "IdentityService\Carz.IdentityService.API\Carz.IdentityService.API.csproj", "{2415989A-EF70-401E-AB98-C2F16622A018}"
EndProject
Project("{9A19103F-16F7-4668-BE54-9A1E7A4F7556}") = "Carz.IdentityService.Domain", "IdentityService\Carz.IdentityService.Domain\Carz.IdentityService.Domain.csproj", "{B99CC214-F637-458F-9B60-0A92FDAA453C}"
EndProject
Project("{9A19103F-16F7-4668-BE54-9A1E7A4F7556}") = "Carz.IdentityService.Infrastructure", "IdentityService\Carz.IdentityService.Infrastructure\Carz.IdentityService.Infrastructure.csproj", "{2CB6F843-193F-421E-AE8B-47B08012BB17}"
EndProject
Project("{9A19103F-16F7-4668-BE54-9A1E7A4F7556}") = "Carz.IdentityService.Services.Mongo", "IdentityService\Carz.IdentityService.Services.Mongo\Carz.IdentityService.Services.Mongo.csproj", "{7AA14EF1-7352-4B02-B7C2-9060A395ADF2}"
EndProject
Project("{9A19103F-16F7-4668-BE54-9A1E7A4F7556}") = "Carz.IdentityService.Services.SQL", "IdentityService\Carz.IdentityServiceServices.SQL\Carz.IdentityServiceServices.SQL\Carz.IdentityService.Services.SQL.csproj", "{31C12D9A-9F72-4DA8-8FFE-9A2FDB947B53}"
EndProject
Global
	GlobalSection(SolutionConfigurationPlatforms) = preSolution
		Debug|Any CPU = Debug|Any CPU
		Release|Any CPU = Release|Any CPU
	EndGlobalSection
	GlobalSection(ProjectConfigurationPlatforms) = postSolution
		{DBDB26B8-551F-42AD-B593-E5464C7F2D46}.Debug|Any CPU.ActiveCfg = Debug|Any CPU
		{DBDB26B8-551F-42AD-B593-E5464C7F2D46}.Debug|Any CPU.Build.0 = Debug|Any CPU
		{DBDB26B8-551F-42AD-B593-E5464C7F2D46}.Release|Any CPU.ActiveCfg = Release|Any CPU
		{DBDB26B8-551F-42AD-B593-E5464C7F2D46}.Release|Any CPU.Build.0 = Release|Any CPU
		{B2B35F8F-0AF2-4317-AAD4-52F59809CD63}.Debug|Any CPU.ActiveCfg = Debug|Any CPU
		{B2B35F8F-0AF2-4317-AAD4-52F59809CD63}.Debug|Any CPU.Build.0 = Debug|Any CPU
		{B2B35F8F-0AF2-4317-AAD4-52F59809CD63}.Release|Any CPU.ActiveCfg = Release|Any CPU
		{B2B35F8F-0AF2-4317-AAD4-52F59809CD63}.Release|Any CPU.Build.0 = Release|Any CPU
		{E36B44BB-9ED1-4BC5-B67C-1C10F651A3EE}.Debug|Any CPU.ActiveCfg = Debug|Any CPU
		{E36B44BB-9ED1-4BC5-B67C-1C10F651A3EE}.Debug|Any CPU.Build.0 = Debug|Any CPU
		{E36B44BB-9ED1-4BC5-B67C-1C10F651A3EE}.Release|Any CPU.ActiveCfg = Release|Any CPU
		{E36B44BB-9ED1-4BC5-B67C-1C10F651A3EE}.Release|Any CPU.Build.0 = Release|Any CPU
		{0F21D9AA-FA34-405F-B54F-367873A6596D}.Debug|Any CPU.ActiveCfg = Debug|Any CPU
		{0F21D9AA-FA34-405F-B54F-367873A6596D}.Debug|Any CPU.Build.0 = Debug|Any CPU
		{0F21D9AA-FA34-405F-B54F-367873A6596D}.Release|Any CPU.ActiveCfg = Release|Any CPU
		{0F21D9AA-FA34-405F-B54F-367873A6596D}.Release|Any CPU.Build.0 = Release|Any CPU
		{8DE4B513-7C1D-46EE-961B-7AC76E6E7024}.Debug|Any CPU.ActiveCfg = Debug|Any CPU
		{8DE4B513-7C1D-46EE-961B-7AC76E6E7024}.Debug|Any CPU.Build.0 = Debug|Any CPU
		{8DE4B513-7C1D-46EE-961B-7AC76E6E7024}.Release|Any CPU.ActiveCfg = Release|Any CPU
		{8DE4B513-7C1D-46EE-961B-7AC76E6E7024}.Release|Any CPU.Build.0 = Release|Any CPU
		{1D40CDF7-9653-4173-AFA8-1C9088169E1C}.Debug|Any CPU.ActiveCfg = Debug|Any CPU
		{1D40CDF7-9653-4173-AFA8-1C9088169E1C}.Debug|Any CPU.Build.0 = Debug|Any CPU
		{1D40CDF7-9653-4173-AFA8-1C9088169E1C}.Release|Any CPU.ActiveCfg = Release|Any CPU
		{1D40CDF7-9653-4173-AFA8-1C9088169E1C}.Release|Any CPU.Build.0 = Release|Any CPU
		{2415989A-EF70-401E-AB98-C2F16622A018}.Debug|Any CPU.ActiveCfg = Debug|Any CPU
		{2415989A-EF70-401E-AB98-C2F16622A018}.Debug|Any CPU.Build.0 = Debug|Any CPU
		{2415989A-EF70-401E-AB98-C2F16622A018}.Release|Any CPU.ActiveCfg = Release|Any CPU
		{2415989A-EF70-401E-AB98-C2F16622A018}.Release|Any CPU.Build.0 = Release|Any CPU
		{B99CC214-F637-458F-9B60-0A92FDAA453C}.Debug|Any CPU.ActiveCfg = Debug|Any CPU
		{B99CC214-F637-458F-9B60-0A92FDAA453C}.Debug|Any CPU.Build.0 = Debug|Any CPU
		{B99CC214-F637-458F-9B60-0A92FDAA453C}.Release|Any CPU.ActiveCfg = Release|Any CPU
		{B99CC214-F637-458F-9B60-0A92FDAA453C}.Release|Any CPU.Build.0 = Release|Any CPU
		{2CB6F843-193F-421E-AE8B-47B08012BB17}.Debug|Any CPU.ActiveCfg = Debug|Any CPU
		{2CB6F843-193F-421E-AE8B-47B08012BB17}.Debug|Any CPU.Build.0 = Debug|Any CPU
		{2CB6F843-193F-421E-AE8B-47B08012BB17}.Release|Any CPU.ActiveCfg = Release|Any CPU
		{2CB6F843-193F-421E-AE8B-47B08012BB17}.Release|Any CPU.Build.0 = Release|Any CPU
		{7AA14EF1-7352-4B02-B7C2-9060A395ADF2}.Debug|Any CPU.ActiveCfg = Debug|Any CPU
		{7AA14EF1-7352-4B02-B7C2-9060A395ADF2}.Debug|Any CPU.Build.0 = Debug|Any CPU
		{7AA14EF1-7352-4B02-B7C2-9060A395ADF2}.Release|Any CPU.ActiveCfg = Release|Any CPU
		{7AA14EF1-7352-4B02-B7C2-9060A395ADF2}.Release|Any CPU.Build.0 = Release|Any CPU
		{31C12D9A-9F72-4DA8-8FFE-9A2FDB947B53}.Debug|Any CPU.ActiveCfg = Debug|Any CPU
		{31C12D9A-9F72-4DA8-8FFE-9A2FDB947B53}.Debug|Any CPU.Build.0 = Debug|Any CPU
		{31C12D9A-9F72-4DA8-8FFE-9A2FDB947B53}.Release|Any CPU.ActiveCfg = Release|Any CPU
		{31C12D9A-9F72-4DA8-8FFE-9A2FDB947B53}.Release|Any CPU.Build.0 = Release|Any CPU
	EndGlobalSection
	GlobalSection(SolutionProperties) = preSolution
		HideSolutionNode = FALSE
	EndGlobalSection
	GlobalSection(NestedProjects) = preSolution
		{DBDB26B8-551F-42AD-B593-E5464C7F2D46} = {42CD7722-D746-43A5-BBD1-D11F3418D342}
		{B2B35F8F-0AF2-4317-AAD4-52F59809CD63} = {42CD7722-D746-43A5-BBD1-D11F3418D342}
		{E36B44BB-9ED1-4BC5-B67C-1C10F651A3EE} = {42CD7722-D746-43A5-BBD1-D11F3418D342}
		{0F21D9AA-FA34-405F-B54F-367873A6596D} = {42CD7722-D746-43A5-BBD1-D11F3418D342}
		{8DE4B513-7C1D-46EE-961B-7AC76E6E7024} = {778BF29B-7B93-4CF2-9D64-D62150639E74}
		{1D40CDF7-9653-4173-AFA8-1C9088169E1C} = {42CD7722-D746-43A5-BBD1-D11F3418D342}
		{2415989A-EF70-401E-AB98-C2F16622A018} = {EB763B5A-26C7-4416-B030-BE6E2EABC791}
		{B99CC214-F637-458F-9B60-0A92FDAA453C} = {EB763B5A-26C7-4416-B030-BE6E2EABC791}
		{2CB6F843-193F-421E-AE8B-47B08012BB17} = {EB763B5A-26C7-4416-B030-BE6E2EABC791}
		{7AA14EF1-7352-4B02-B7C2-9060A395ADF2} = {EB763B5A-26C7-4416-B030-BE6E2EABC791}
		{31C12D9A-9F72-4DA8-8FFE-9A2FDB947B53} = {EB763B5A-26C7-4416-B030-BE6E2EABC791}
	EndGlobalSection
	GlobalSection(ExtensibilityGlobals) = postSolution
		SolutionGuid = {45431D73-4286-4BEA-9040-88E762D06421}
	EndGlobalSection
EndGlobal
