
Microsoft Visual Studio Solution File, Format Version 12.00
# Visual Studio Version 16
VisualStudioVersion = 16.0.31911.196
MinimumVisualStudioVersion = 10.0.40219.1
Project("{FAE04EC0-301F-11D3-BF4B-00C04F79EFBC}") = "Carz.UserService.API", "Carz.UserService.API\Carz.UserService.API.csproj", "{AE877B52-1BEF-41EC-9FFA-C9EB9985439F}"
EndProject
Global
	GlobalSection(SolutionConfigurationPlatforms) = preSolution
		Debug|Any CPU = Debug|Any CPU
		Release|Any CPU = Release|Any CPU
	EndGlobalSection
	GlobalSection(ProjectConfigurationPlatforms) = postSolution
		{AE877B52-1BEF-41EC-9FFA-C9EB9985439F}.Debug|Any CPU.ActiveCfg = Debug|Any CPU
		{AE877B52-1BEF-41EC-9FFA-C9EB9985439F}.Debug|Any CPU.Build.0 = Debug|Any CPU
		{AE877B52-1BEF-41EC-9FFA-C9EB9985439F}.Release|Any CPU.ActiveCfg = Release|Any CPU
		{AE877B52-1BEF-41EC-9FFA-C9EB9985439F}.Release|Any CPU.Build.0 = Release|Any CPU
	EndGlobalSection
	GlobalSection(SolutionProperties) = preSolution
		HideSolutionNode = FALSE
	EndGlobalSection
	GlobalSection(ExtensibilityGlobals) = postSolution
		SolutionGuid = {F40FCA9E-A480-4CE5-80C7-4C535728D445}
	EndGlobalSection
EndGlobal
