
Microsoft Visual Studio Solution File, Format Version 12.00
# Visual Studio Version 16
VisualStudioVersion = 16.0.32106.194
MinimumVisualStudioVersion = 10.0.40219.1
Project("{FAE04EC0-301F-11D3-BF4B-00C04F79EFBC}") = "Carz.VariantService.Services.SQL", "Carz.VariantService.Services.SQL\Carz.VariantService.Services.SQL.csproj", "{92055D87-2261-4818-9D02-D999666F5277}"
EndProject
Global
	GlobalSection(SolutionConfigurationPlatforms) = preSolution
		Debug|Any CPU = Debug|Any CPU
		Release|Any CPU = Release|Any CPU
	EndGlobalSection
	GlobalSection(ProjectConfigurationPlatforms) = postSolution
		{92055D87-2261-4818-9D02-D999666F5277}.Debug|Any CPU.ActiveCfg = Debug|Any CPU
		{92055D87-2261-4818-9D02-D999666F5277}.Debug|Any CPU.Build.0 = Debug|Any CPU
		{92055D87-2261-4818-9D02-D999666F5277}.Release|Any CPU.ActiveCfg = Release|Any CPU
		{92055D87-2261-4818-9D02-D999666F5277}.Release|Any CPU.Build.0 = Release|Any CPU
	EndGlobalSection
	GlobalSection(SolutionProperties) = preSolution
		HideSolutionNode = FALSE
	EndGlobalSection
	GlobalSection(ExtensibilityGlobals) = postSolution
		SolutionGuid = {921CE0D5-66BB-475B-8311-D2454C1052A2}
	EndGlobalSection
EndGlobal
